
Microsoft Visual Studio Solution File, Format Version 12.00
# Visual Studio Version 16
VisualStudioVersion = 16.0.30523.141
MinimumVisualStudioVersion = 10.0.40219.1
Project("{9A19103F-16F7-4668-BE54-9A1E7A4F7556}") = "LipeGames.Api", "LipeGames.Api\LipeGames.Api.csproj", "{55A6FC58-E315-401D-B585-C689EDE73797}"
EndProject
Project("{2150E333-8FDC-42A3-9474-1A3956D46DE8}") = "Aplicacao", "Aplicacao", "{C10CDE77-57D4-4979-9131-E52DA78F8288}"
EndProject
Project("{2150E333-8FDC-42A3-9474-1A3956D46DE8}") = "Dominio", "Dominio", "{837FEF48-22B0-432E-B919-1A26ABBBCFA6}"
EndProject
Project("{2150E333-8FDC-42A3-9474-1A3956D46DE8}") = "Infraestrutura", "Infraestrutura", "{27F345CD-BA13-44CD-A9EB-662C28CAB93A}"
EndProject
Project("{2150E333-8FDC-42A3-9474-1A3956D46DE8}") = "Servico", "Servico", "{09282F43-D14C-4475-9AB9-8B0D8C92FC1C}"
EndProject
Project("{FAE04EC0-301F-11D3-BF4B-00C04F79EFBC}") = "LipeGames.Dominio", "LipeGames.Dominio\LipeGames.Dominio.csproj", "{26A80B91-5306-43B6-94F8-54DB938A2EFF}"
EndProject
Project("{FAE04EC0-301F-11D3-BF4B-00C04F79EFBC}") = "LipeGames.Infraestrutura.Dados.EFCore", "LipeGames.Infraestrutura.Dados.EFCore\LipeGames.Infraestrutura.Dados.EFCore.csproj", "{4569B2FC-EDD0-4E2E-B222-729C58BE80DC}"
EndProject
Project("{2150E333-8FDC-42A3-9474-1A3956D46DE8}") = "Dados", "Dados", "{81F11257-EE3F-4604-8BB1-30B6C6DF08F8}"
EndProject
Project("{FAE04EC0-301F-11D3-BF4B-00C04F79EFBC}") = "LipeGames.Servico", "LipeGames.Servico\LipeGames.Servico.csproj", "{9BA57961-4744-411F-8130-9A48EDC4591E}"
EndProject
Project("{2150E333-8FDC-42A3-9474-1A3956D46DE8}") = "Teste", "Teste", "{EE843C2E-1A6B-4EDF-AEE6-C4875DEE62AB}"
EndProject
Project("{FAE04EC0-301F-11D3-BF4B-00C04F79EFBC}") = "LipeGames.Teste", "LipeGames.Teste\LipeGames.Teste.csproj", "{0BFE34B5-BB5C-42C9-90DC-793BA1290F76}"
EndProject
Global
	GlobalSection(SolutionConfigurationPlatforms) = preSolution
		Debug|Any CPU = Debug|Any CPU
		Release|Any CPU = Release|Any CPU
	EndGlobalSection
	GlobalSection(ProjectConfigurationPlatforms) = postSolution
		{55A6FC58-E315-401D-B585-C689EDE73797}.Debug|Any CPU.ActiveCfg = Debug|Any CPU
		{55A6FC58-E315-401D-B585-C689EDE73797}.Debug|Any CPU.Build.0 = Debug|Any CPU
		{55A6FC58-E315-401D-B585-C689EDE73797}.Release|Any CPU.ActiveCfg = Release|Any CPU
		{55A6FC58-E315-401D-B585-C689EDE73797}.Release|Any CPU.Build.0 = Release|Any CPU
		{26A80B91-5306-43B6-94F8-54DB938A2EFF}.Debug|Any CPU.ActiveCfg = Debug|Any CPU
		{26A80B91-5306-43B6-94F8-54DB938A2EFF}.Debug|Any CPU.Build.0 = Debug|Any CPU
		{26A80B91-5306-43B6-94F8-54DB938A2EFF}.Release|Any CPU.ActiveCfg = Release|Any CPU
		{26A80B91-5306-43B6-94F8-54DB938A2EFF}.Release|Any CPU.Build.0 = Release|Any CPU
		{4569B2FC-EDD0-4E2E-B222-729C58BE80DC}.Debug|Any CPU.ActiveCfg = Debug|Any CPU
		{4569B2FC-EDD0-4E2E-B222-729C58BE80DC}.Debug|Any CPU.Build.0 = Debug|Any CPU
		{4569B2FC-EDD0-4E2E-B222-729C58BE80DC}.Release|Any CPU.ActiveCfg = Release|Any CPU
		{4569B2FC-EDD0-4E2E-B222-729C58BE80DC}.Release|Any CPU.Build.0 = Release|Any CPU
		{9BA57961-4744-411F-8130-9A48EDC4591E}.Debug|Any CPU.ActiveCfg = Debug|Any CPU
		{9BA57961-4744-411F-8130-9A48EDC4591E}.Debug|Any CPU.Build.0 = Debug|Any CPU
		{9BA57961-4744-411F-8130-9A48EDC4591E}.Release|Any CPU.ActiveCfg = Release|Any CPU
		{9BA57961-4744-411F-8130-9A48EDC4591E}.Release|Any CPU.Build.0 = Release|Any CPU
		{0BFE34B5-BB5C-42C9-90DC-793BA1290F76}.Debug|Any CPU.ActiveCfg = Debug|Any CPU
		{0BFE34B5-BB5C-42C9-90DC-793BA1290F76}.Debug|Any CPU.Build.0 = Debug|Any CPU
		{0BFE34B5-BB5C-42C9-90DC-793BA1290F76}.Release|Any CPU.ActiveCfg = Release|Any CPU
		{0BFE34B5-BB5C-42C9-90DC-793BA1290F76}.Release|Any CPU.Build.0 = Release|Any CPU
	EndGlobalSection
	GlobalSection(SolutionProperties) = preSolution
		HideSolutionNode = FALSE
	EndGlobalSection
	GlobalSection(NestedProjects) = preSolution
		{55A6FC58-E315-401D-B585-C689EDE73797} = {C10CDE77-57D4-4979-9131-E52DA78F8288}
		{26A80B91-5306-43B6-94F8-54DB938A2EFF} = {837FEF48-22B0-432E-B919-1A26ABBBCFA6}
		{4569B2FC-EDD0-4E2E-B222-729C58BE80DC} = {81F11257-EE3F-4604-8BB1-30B6C6DF08F8}
		{81F11257-EE3F-4604-8BB1-30B6C6DF08F8} = {27F345CD-BA13-44CD-A9EB-662C28CAB93A}
		{9BA57961-4744-411F-8130-9A48EDC4591E} = {09282F43-D14C-4475-9AB9-8B0D8C92FC1C}
		{0BFE34B5-BB5C-42C9-90DC-793BA1290F76} = {EE843C2E-1A6B-4EDF-AEE6-C4875DEE62AB}
	EndGlobalSection
	GlobalSection(ExtensibilityGlobals) = postSolution
		SolutionGuid = {8ABD05BD-367C-4BC3-BA55-9E52AE159843}
	EndGlobalSection
EndGlobal
